// !$*UTF8*$!
{
	archiveVersion = 1;
	classes = {
	};
	objectVersion = 46;
	objects = {

/* Begin PBXBuildFile section */
		2805E02A43B67531013AEB43 /* Pods_ThoughtWordsUITests.framework in Frameworks */ = {isa = PBXBuildFile; fileRef = 007E8981C597029A76D6F2A0 /* Pods_ThoughtWordsUITests.framework */; };
		5C15DCF557F211D9DD4ECE64 /* Pods_ThoughtWords.framework in Frameworks */ = {isa = PBXBuildFile; fileRef = 0ECA0341A870B2ED5AEF32A7 /* Pods_ThoughtWords.framework */; };
		8438397C1F311C9500B70EB3 /* GoogleService-Info.plist in Resources */ = {isa = PBXBuildFile; fileRef = 8438397B1F311C9500B70EB3 /* GoogleService-Info.plist */; };
		8438397D1F311C9500B70EB3 /* GoogleService-Info.plist in Resources */ = {isa = PBXBuildFile; fileRef = 8438397B1F311C9500B70EB3 /* GoogleService-Info.plist */; };
		8438397E1F311C9500B70EB3 /* GoogleService-Info.plist in Resources */ = {isa = PBXBuildFile; fileRef = 8438397B1F311C9500B70EB3 /* GoogleService-Info.plist */; };
		843839A71F31320D00B70EB3 /* GoogleService-Info.plist in Resources */ = {isa = PBXBuildFile; fileRef = 843839A61F31320D00B70EB3 /* GoogleService-Info.plist */; };
		843839A81F31320D00B70EB3 /* GoogleService-Info.plist in Resources */ = {isa = PBXBuildFile; fileRef = 843839A61F31320D00B70EB3 /* GoogleService-Info.plist */; };
		845FDD581F28F1D700AAA597 /* AppDelegate.swift in Sources */ = {isa = PBXBuildFile; fileRef = 845FDD571F28F1D700AAA597 /* AppDelegate.swift */; };
		845FDD5A1F28F1D700AAA597 /* ViewController.swift in Sources */ = {isa = PBXBuildFile; fileRef = 845FDD591F28F1D700AAA597 /* ViewController.swift */; };
		845FDD5D1F28F1D700AAA597 /* Main.storyboard in Resources */ = {isa = PBXBuildFile; fileRef = 845FDD5B1F28F1D700AAA597 /* Main.storyboard */; };
		845FDD601F28F1D800AAA597 /* ThoughtWords.xcdatamodeld in Sources */ = {isa = PBXBuildFile; fileRef = 845FDD5E1F28F1D800AAA597 /* ThoughtWords.xcdatamodeld */; };
		845FDD621F28F1D800AAA597 /* Assets.xcassets in Resources */ = {isa = PBXBuildFile; fileRef = 845FDD611F28F1D800AAA597 /* Assets.xcassets */; };
		845FDD651F28F1D800AAA597 /* LaunchScreen.storyboard in Resources */ = {isa = PBXBuildFile; fileRef = 845FDD631F28F1D800AAA597 /* LaunchScreen.storyboard */; };
		845FDD7B1F28F1D800AAA597 /* ThoughtWordsUITests.swift in Sources */ = {isa = PBXBuildFile; fileRef = 845FDD7A1F28F1D800AAA597 /* ThoughtWordsUITests.swift */; };
		845FDDA11F28FAC900AAA597 /* DummyTest.swift in Sources */ = {isa = PBXBuildFile; fileRef = 845FDDA01F28FAC900AAA597 /* DummyTest.swift */; };
		84F7D0CF1F30F5DA004D9BE4 /* LICENSE.txt in Resources */ = {isa = PBXBuildFile; fileRef = 84F7D0C41F30F5DA004D9BE4 /* LICENSE.txt */; };
		84F7D0D01F30F5DA004D9BE4 /* OpenSans-Bold.ttf in Resources */ = {isa = PBXBuildFile; fileRef = 84F7D0C51F30F5DA004D9BE4 /* OpenSans-Bold.ttf */; };
		84F7D0D11F30F5DA004D9BE4 /* OpenSans-BoldItalic.ttf in Resources */ = {isa = PBXBuildFile; fileRef = 84F7D0C61F30F5DA004D9BE4 /* OpenSans-BoldItalic.ttf */; };
		84F7D0D21F30F5DA004D9BE4 /* OpenSans-ExtraBold.ttf in Resources */ = {isa = PBXBuildFile; fileRef = 84F7D0C71F30F5DA004D9BE4 /* OpenSans-ExtraBold.ttf */; };
		84F7D0D31F30F5DA004D9BE4 /* OpenSans-ExtraBoldItalic.ttf in Resources */ = {isa = PBXBuildFile; fileRef = 84F7D0C81F30F5DA004D9BE4 /* OpenSans-ExtraBoldItalic.ttf */; };
		84F7D0D41F30F5DA004D9BE4 /* OpenSans-Italic.ttf in Resources */ = {isa = PBXBuildFile; fileRef = 84F7D0C91F30F5DA004D9BE4 /* OpenSans-Italic.ttf */; };
		84F7D0D51F30F5DA004D9BE4 /* OpenSans-Light.ttf in Resources */ = {isa = PBXBuildFile; fileRef = 84F7D0CA1F30F5DA004D9BE4 /* OpenSans-Light.ttf */; };
		84F7D0D61F30F5DA004D9BE4 /* OpenSans-LightItalic.ttf in Resources */ = {isa = PBXBuildFile; fileRef = 84F7D0CB1F30F5DA004D9BE4 /* OpenSans-LightItalic.ttf */; };
		84F7D0D71F30F5DA004D9BE4 /* OpenSans-Regular.ttf in Resources */ = {isa = PBXBuildFile; fileRef = 84F7D0CC1F30F5DA004D9BE4 /* OpenSans-Regular.ttf */; };
		84F7D0D81F30F5DA004D9BE4 /* OpenSans-SemiBold.ttf in Resources */ = {isa = PBXBuildFile; fileRef = 84F7D0CD1F30F5DA004D9BE4 /* OpenSans-SemiBold.ttf */; };
		84F7D0D91F30F5DA004D9BE4 /* OpenSans-SemiBoldItalic.ttf in Resources */ = {isa = PBXBuildFile; fileRef = 84F7D0CE1F30F5DA004D9BE4 /* OpenSans-SemiBoldItalic.ttf */; };
		B25B1C80225524DBE8C50262 /* Pods_ThoughtWordsTests.framework in Frameworks */ = {isa = PBXBuildFile; fileRef = C097A7E238E6C9BBAB6CEBB0 /* Pods_ThoughtWordsTests.framework */; };
/* End PBXBuildFile section */

/* Begin PBXContainerItemProxy section */
		845FDD6C1F28F1D800AAA597 /* PBXContainerItemProxy */ = {
			isa = PBXContainerItemProxy;
			containerPortal = 845FDD4C1F28F1D700AAA597 /* Project object */;
			proxyType = 1;
			remoteGlobalIDString = 845FDD531F28F1D700AAA597;
			remoteInfo = ThoughtWords;
		};
		845FDD771F28F1D800AAA597 /* PBXContainerItemProxy */ = {
			isa = PBXContainerItemProxy;
			containerPortal = 845FDD4C1F28F1D700AAA597 /* Project object */;
			proxyType = 1;
			remoteGlobalIDString = 845FDD531F28F1D700AAA597;
			remoteInfo = ThoughtWords;
		};
/* End PBXContainerItemProxy section */

/* Begin PBXFileReference section */
		007E8981C597029A76D6F2A0 /* Pods_ThoughtWordsUITests.framework */ = {isa = PBXFileReference; explicitFileType = wrapper.framework; includeInIndex = 0; path = Pods_ThoughtWordsUITests.framework; sourceTree = BUILT_PRODUCTS_DIR; };
		0476C75EA840EE71694DE01F /* Pods-ThoughtWordsTests.debug.xcconfig */ = {isa = PBXFileReference; includeInIndex = 1; lastKnownFileType = text.xcconfig; name = "Pods-ThoughtWordsTests.debug.xcconfig"; path = "Pods/Target Support Files/Pods-ThoughtWordsTests/Pods-ThoughtWordsTests.debug.xcconfig"; sourceTree = "<group>"; };
		08FD147EC2B5E1F594222FA3 /* Pods-ThoughtWordsUITests.release.xcconfig */ = {isa = PBXFileReference; includeInIndex = 1; lastKnownFileType = text.xcconfig; name = "Pods-ThoughtWordsUITests.release.xcconfig"; path = "Pods/Target Support Files/Pods-ThoughtWordsUITests/Pods-ThoughtWordsUITests.release.xcconfig"; sourceTree = "<group>"; };
		0ECA0341A870B2ED5AEF32A7 /* Pods_ThoughtWords.framework */ = {isa = PBXFileReference; explicitFileType = wrapper.framework; includeInIndex = 0; path = Pods_ThoughtWords.framework; sourceTree = BUILT_PRODUCTS_DIR; };
		74B5BF2502EAFAB35F21DA37 /* Pods-ThoughtWordsUITests.debug.xcconfig */ = {isa = PBXFileReference; includeInIndex = 1; lastKnownFileType = text.xcconfig; name = "Pods-ThoughtWordsUITests.debug.xcconfig"; path = "Pods/Target Support Files/Pods-ThoughtWordsUITests/Pods-ThoughtWordsUITests.debug.xcconfig"; sourceTree = "<group>"; };
		8438397B1F311C9500B70EB3 /* GoogleService-Info.plist */ = {isa = PBXFileReference; fileEncoding = 4; lastKnownFileType = text.plist.xml; path = "GoogleService-Info.plist"; sourceTree = "<group>"; };
		843839A61F31320D00B70EB3 /* GoogleService-Info.plist */ = {isa = PBXFileReference; fileEncoding = 4; lastKnownFileType = text.plist.xml; path = "GoogleService-Info.plist"; sourceTree = "<group>"; };
		845FDD541F28F1D700AAA597 /* ThoughtWords.app */ = {isa = PBXFileReference; explicitFileType = wrapper.application; includeInIndex = 0; path = ThoughtWords.app; sourceTree = BUILT_PRODUCTS_DIR; };
		845FDD571F28F1D700AAA597 /* AppDelegate.swift */ = {isa = PBXFileReference; lastKnownFileType = sourcecode.swift; path = AppDelegate.swift; sourceTree = "<group>"; };
		845FDD591F28F1D700AAA597 /* ViewController.swift */ = {isa = PBXFileReference; lastKnownFileType = sourcecode.swift; path = ViewController.swift; sourceTree = "<group>"; };
		845FDD5C1F28F1D700AAA597 /* Base */ = {isa = PBXFileReference; lastKnownFileType = file.storyboard; name = Base; path = Base.lproj/Main.storyboard; sourceTree = "<group>"; };
		845FDD5F1F28F1D800AAA597 /* ThoughtWords.xcdatamodel */ = {isa = PBXFileReference; lastKnownFileType = wrapper.xcdatamodel; path = ThoughtWords.xcdatamodel; sourceTree = "<group>"; };
		845FDD611F28F1D800AAA597 /* Assets.xcassets */ = {isa = PBXFileReference; lastKnownFileType = folder.assetcatalog; path = Assets.xcassets; sourceTree = "<group>"; };
		845FDD641F28F1D800AAA597 /* Base */ = {isa = PBXFileReference; lastKnownFileType = file.storyboard; name = Base; path = Base.lproj/LaunchScreen.storyboard; sourceTree = "<group>"; };
		845FDD661F28F1D800AAA597 /* Info.plist */ = {isa = PBXFileReference; lastKnownFileType = text.plist.xml; path = Info.plist; sourceTree = "<group>"; };
		845FDD6B1F28F1D800AAA597 /* ThoughtWordsTests.xctest */ = {isa = PBXFileReference; explicitFileType = wrapper.cfbundle; includeInIndex = 0; path = ThoughtWordsTests.xctest; sourceTree = BUILT_PRODUCTS_DIR; };
		845FDD711F28F1D800AAA597 /* Info.plist */ = {isa = PBXFileReference; lastKnownFileType = text.plist.xml; path = Info.plist; sourceTree = "<group>"; };
		845FDD761F28F1D800AAA597 /* ThoughtWordsUITests.xctest */ = {isa = PBXFileReference; explicitFileType = wrapper.cfbundle; includeInIndex = 0; path = ThoughtWordsUITests.xctest; sourceTree = BUILT_PRODUCTS_DIR; };
		845FDD7A1F28F1D800AAA597 /* ThoughtWordsUITests.swift */ = {isa = PBXFileReference; lastKnownFileType = sourcecode.swift; path = ThoughtWordsUITests.swift; sourceTree = "<group>"; };
		845FDD7C1F28F1D800AAA597 /* Info.plist */ = {isa = PBXFileReference; lastKnownFileType = text.plist.xml; path = Info.plist; sourceTree = "<group>"; };
		845FDDA01F28FAC900AAA597 /* DummyTest.swift */ = {isa = PBXFileReference; fileEncoding = 4; lastKnownFileType = sourcecode.swift; path = DummyTest.swift; sourceTree = "<group>"; };
		84F7D0C41F30F5DA004D9BE4 /* LICENSE.txt */ = {isa = PBXFileReference; fileEncoding = 4; lastKnownFileType = text; path = LICENSE.txt; sourceTree = "<group>"; };
		84F7D0C51F30F5DA004D9BE4 /* OpenSans-Bold.ttf */ = {isa = PBXFileReference; lastKnownFileType = file; path = "OpenSans-Bold.ttf"; sourceTree = "<group>"; };
		84F7D0C61F30F5DA004D9BE4 /* OpenSans-BoldItalic.ttf */ = {isa = PBXFileReference; lastKnownFileType = file; path = "OpenSans-BoldItalic.ttf"; sourceTree = "<group>"; };
		84F7D0C71F30F5DA004D9BE4 /* OpenSans-ExtraBold.ttf */ = {isa = PBXFileReference; lastKnownFileType = file; path = "OpenSans-ExtraBold.ttf"; sourceTree = "<group>"; };
		84F7D0C81F30F5DA004D9BE4 /* OpenSans-ExtraBoldItalic.ttf */ = {isa = PBXFileReference; lastKnownFileType = file; path = "OpenSans-ExtraBoldItalic.ttf"; sourceTree = "<group>"; };
		84F7D0C91F30F5DA004D9BE4 /* OpenSans-Italic.ttf */ = {isa = PBXFileReference; lastKnownFileType = file; path = "OpenSans-Italic.ttf"; sourceTree = "<group>"; };
		84F7D0CA1F30F5DA004D9BE4 /* OpenSans-Light.ttf */ = {isa = PBXFileReference; lastKnownFileType = file; path = "OpenSans-Light.ttf"; sourceTree = "<group>"; };
		84F7D0CB1F30F5DA004D9BE4 /* OpenSans-LightItalic.ttf */ = {isa = PBXFileReference; lastKnownFileType = file; path = "OpenSans-LightItalic.ttf"; sourceTree = "<group>"; };
		84F7D0CC1F30F5DA004D9BE4 /* OpenSans-Regular.ttf */ = {isa = PBXFileReference; lastKnownFileType = file; path = "OpenSans-Regular.ttf"; sourceTree = "<group>"; };
		84F7D0CD1F30F5DA004D9BE4 /* OpenSans-SemiBold.ttf */ = {isa = PBXFileReference; lastKnownFileType = file; path = "OpenSans-SemiBold.ttf"; sourceTree = "<group>"; };
		84F7D0CE1F30F5DA004D9BE4 /* OpenSans-SemiBoldItalic.ttf */ = {isa = PBXFileReference; lastKnownFileType = file; path = "OpenSans-SemiBoldItalic.ttf"; sourceTree = "<group>"; };
		B4BABD932EFF15132C5BBA5E /* Pods-ThoughtWords.debug.xcconfig */ = {isa = PBXFileReference; includeInIndex = 1; lastKnownFileType = text.xcconfig; name = "Pods-ThoughtWords.debug.xcconfig"; path = "Pods/Target Support Files/Pods-ThoughtWords/Pods-ThoughtWords.debug.xcconfig"; sourceTree = "<group>"; };
		C097A7E238E6C9BBAB6CEBB0 /* Pods_ThoughtWordsTests.framework */ = {isa = PBXFileReference; explicitFileType = wrapper.framework; includeInIndex = 0; path = Pods_ThoughtWordsTests.framework; sourceTree = BUILT_PRODUCTS_DIR; };
		DCCF49602164AC08BE6AEC2D /* Pods-ThoughtWords.release.xcconfig */ = {isa = PBXFileReference; includeInIndex = 1; lastKnownFileType = text.xcconfig; name = "Pods-ThoughtWords.release.xcconfig"; path = "Pods/Target Support Files/Pods-ThoughtWords/Pods-ThoughtWords.release.xcconfig"; sourceTree = "<group>"; };
		F4DDE2BAEFEF654B2117DC7F /* Pods-ThoughtWordsTests.release.xcconfig */ = {isa = PBXFileReference; includeInIndex = 1; lastKnownFileType = text.xcconfig; name = "Pods-ThoughtWordsTests.release.xcconfig"; path = "Pods/Target Support Files/Pods-ThoughtWordsTests/Pods-ThoughtWordsTests.release.xcconfig"; sourceTree = "<group>"; };
/* End PBXFileReference section */

/* Begin PBXFrameworksBuildPhase section */
		845FDD511F28F1D700AAA597 /* Frameworks */ = {
			isa = PBXFrameworksBuildPhase;
			buildActionMask = 2147483647;
			files = (
				5C15DCF557F211D9DD4ECE64 /* Pods_ThoughtWords.framework in Frameworks */,
			);
			runOnlyForDeploymentPostprocessing = 0;
		};
		845FDD681F28F1D800AAA597 /* Frameworks */ = {
			isa = PBXFrameworksBuildPhase;
			buildActionMask = 2147483647;
			files = (
				B25B1C80225524DBE8C50262 /* Pods_ThoughtWordsTests.framework in Frameworks */,
			);
			runOnlyForDeploymentPostprocessing = 0;
		};
		845FDD731F28F1D800AAA597 /* Frameworks */ = {
			isa = PBXFrameworksBuildPhase;
			buildActionMask = 2147483647;
			files = (
				2805E02A43B67531013AEB43 /* Pods_ThoughtWordsUITests.framework in Frameworks */,
			);
			runOnlyForDeploymentPostprocessing = 0;
		};
/* End PBXFrameworksBuildPhase section */

/* Begin PBXGroup section */
		399084805CB589AAF0EED6C3 /* Pods */ = {
			isa = PBXGroup;
			children = (
				B4BABD932EFF15132C5BBA5E /* Pods-ThoughtWords.debug.xcconfig */,
				DCCF49602164AC08BE6AEC2D /* Pods-ThoughtWords.release.xcconfig */,
				0476C75EA840EE71694DE01F /* Pods-ThoughtWordsTests.debug.xcconfig */,
				F4DDE2BAEFEF654B2117DC7F /* Pods-ThoughtWordsTests.release.xcconfig */,
				74B5BF2502EAFAB35F21DA37 /* Pods-ThoughtWordsUITests.debug.xcconfig */,
				08FD147EC2B5E1F594222FA3 /* Pods-ThoughtWordsUITests.release.xcconfig */,
			);
			name = Pods;
			sourceTree = "<group>";
		};
		845FDD4B1F28F1D700AAA597 = {
			isa = PBXGroup;
			children = (
				845FDD561F28F1D700AAA597 /* ThoughtWords */,
				845FDD6E1F28F1D800AAA597 /* ThoughtWordsTests */,
				845FDD791F28F1D800AAA597 /* ThoughtWordsUITests */,
				845FDD551F28F1D700AAA597 /* Products */,
				845FDD881F28FA6700AAA597 /* Frameworks */,
				399084805CB589AAF0EED6C3 /* Pods */,
			);
			sourceTree = "<group>";
		};
		845FDD551F28F1D700AAA597 /* Products */ = {
			isa = PBXGroup;
			children = (
				845FDD541F28F1D700AAA597 /* ThoughtWords.app */,
				845FDD6B1F28F1D800AAA597 /* ThoughtWordsTests.xctest */,
				845FDD761F28F1D800AAA597 /* ThoughtWordsUITests.xctest */,
			);
			name = Products;
			sourceTree = "<group>";
		};
		845FDD561F28F1D700AAA597 /* ThoughtWords */ = {
			isa = PBXGroup;
			children = (
				843839A61F31320D00B70EB3 /* GoogleService-Info.plist */,
				84F7D0C21F30F521004D9BE4 /* Resources */,
				84F7D0C11F30F517004D9BE4 /* Services */,
				84F7D0C01F30F50C004D9BE4 /* ViewModels */,
				84F7D0BF1F30F500004D9BE4 /* Views */,
				84F7D0BE1F30F4C7004D9BE4 /* Models */,
				845FDD571F28F1D700AAA597 /* AppDelegate.swift */,
				845FDD591F28F1D700AAA597 /* ViewController.swift */,
				845FDD5B1F28F1D700AAA597 /* Main.storyboard */,
				845FDD611F28F1D800AAA597 /* Assets.xcassets */,
				845FDD631F28F1D800AAA597 /* LaunchScreen.storyboard */,
				845FDD661F28F1D800AAA597 /* Info.plist */,
				845FDD5E1F28F1D800AAA597 /* ThoughtWords.xcdatamodeld */,
				8438397B1F311C9500B70EB3 /* GoogleService-Info.plist */,
			);
			path = ThoughtWords;
			sourceTree = "<group>";
		};
		845FDD6E1F28F1D800AAA597 /* ThoughtWordsTests */ = {
			isa = PBXGroup;
			children = (
				845FDD711F28F1D800AAA597 /* Info.plist */,
				845FDDA01F28FAC900AAA597 /* DummyTest.swift */,
			);
			path = ThoughtWordsTests;
			sourceTree = "<group>";
		};
		845FDD791F28F1D800AAA597 /* ThoughtWordsUITests */ = {
			isa = PBXGroup;
			children = (
				845FDD7A1F28F1D800AAA597 /* ThoughtWordsUITests.swift */,
				845FDD7C1F28F1D800AAA597 /* Info.plist */,
			);
			path = ThoughtWordsUITests;
			sourceTree = "<group>";
		};
		845FDD881F28FA6700AAA597 /* Frameworks */ = {
			isa = PBXGroup;
			children = (
				0ECA0341A870B2ED5AEF32A7 /* Pods_ThoughtWords.framework */,
				C097A7E238E6C9BBAB6CEBB0 /* Pods_ThoughtWordsTests.framework */,
				007E8981C597029A76D6F2A0 /* Pods_ThoughtWordsUITests.framework */,
			);
			name = Frameworks;
			sourceTree = "<group>";
		};
		84F7D0BE1F30F4C7004D9BE4 /* Models */ = {
			isa = PBXGroup;
			children = (
			);
			path = Models;
			sourceTree = "<group>";
		};
		84F7D0BF1F30F500004D9BE4 /* Views */ = {
			isa = PBXGroup;
			children = (
			);
			path = Views;
			sourceTree = "<group>";
		};
		84F7D0C01F30F50C004D9BE4 /* ViewModels */ = {
			isa = PBXGroup;
			children = (
			);
			path = ViewModels;
			sourceTree = "<group>";
		};
		84F7D0C11F30F517004D9BE4 /* Services */ = {
			isa = PBXGroup;
			children = (
			);
			path = Services;
			sourceTree = "<group>";
		};
		84F7D0C21F30F521004D9BE4 /* Resources */ = {
			isa = PBXGroup;
			children = (
				84F7D0C31F30F5DA004D9BE4 /* Open_Sans */,
			);
			path = Resources;
			sourceTree = "<group>";
		};
		84F7D0C31F30F5DA004D9BE4 /* Open_Sans */ = {
			isa = PBXGroup;
			children = (
				84F7D0C41F30F5DA004D9BE4 /* LICENSE.txt */,
				84F7D0C51F30F5DA004D9BE4 /* OpenSans-Bold.ttf */,
				84F7D0C61F30F5DA004D9BE4 /* OpenSans-BoldItalic.ttf */,
				84F7D0C71F30F5DA004D9BE4 /* OpenSans-ExtraBold.ttf */,
				84F7D0C81F30F5DA004D9BE4 /* OpenSans-ExtraBoldItalic.ttf */,
				84F7D0C91F30F5DA004D9BE4 /* OpenSans-Italic.ttf */,
				84F7D0CA1F30F5DA004D9BE4 /* OpenSans-Light.ttf */,
				84F7D0CB1F30F5DA004D9BE4 /* OpenSans-LightItalic.ttf */,
				84F7D0CC1F30F5DA004D9BE4 /* OpenSans-Regular.ttf */,
				84F7D0CD1F30F5DA004D9BE4 /* OpenSans-SemiBold.ttf */,
				84F7D0CE1F30F5DA004D9BE4 /* OpenSans-SemiBoldItalic.ttf */,
			);
			path = Open_Sans;
			sourceTree = "<group>";
		};
/* End PBXGroup section */

/* Begin PBXNativeTarget section */
		845FDD531F28F1D700AAA597 /* ThoughtWords */ = {
			isa = PBXNativeTarget;
			buildConfigurationList = 845FDD7F1F28F1D800AAA597 /* Build configuration list for PBXNativeTarget "ThoughtWords" */;
			buildPhases = (
				BD8D83C3425C8EF4FD31FC5B /* [CP] Check Pods Manifest.lock */,
				845FDD501F28F1D700AAA597 /* Sources */,
				845FDD511F28F1D700AAA597 /* Frameworks */,
				845FDD521F28F1D700AAA597 /* Resources */,
				2F3719DBF019B75E5023690D /* [CP] Embed Pods Frameworks */,
				35B0622139EA928676EBF252 /* [CP] Copy Pods Resources */,
			);
			buildRules = (
			);
			dependencies = (
			);
			name = ThoughtWords;
			productName = ThoughtWords;
			productReference = 845FDD541F28F1D700AAA597 /* ThoughtWords.app */;
			productType = "com.apple.product-type.application";
		};
		845FDD6A1F28F1D800AAA597 /* ThoughtWordsTests */ = {
			isa = PBXNativeTarget;
			buildConfigurationList = 845FDD821F28F1D800AAA597 /* Build configuration list for PBXNativeTarget "ThoughtWordsTests" */;
			buildPhases = (
				27CFA9B6B96B520ABDB7A83D /* [CP] Check Pods Manifest.lock */,
				845FDD671F28F1D800AAA597 /* Sources */,
				845FDD681F28F1D800AAA597 /* Frameworks */,
				845FDD691F28F1D800AAA597 /* Resources */,
				FB9F4ABA27EA2C56B624766D /* [CP] Embed Pods Frameworks */,
				F118CD5047EA0EB5598D5168 /* [CP] Copy Pods Resources */,
			);
			buildRules = (
			);
			dependencies = (
				845FDD6D1F28F1D800AAA597 /* PBXTargetDependency */,
			);
			name = ThoughtWordsTests;
			productName = ThoughtWordsTests;
			productReference = 845FDD6B1F28F1D800AAA597 /* ThoughtWordsTests.xctest */;
			productType = "com.apple.product-type.bundle.unit-test";
		};
		845FDD751F28F1D800AAA597 /* ThoughtWordsUITests */ = {
			isa = PBXNativeTarget;
			buildConfigurationList = 845FDD851F28F1D800AAA597 /* Build configuration list for PBXNativeTarget "ThoughtWordsUITests" */;
			buildPhases = (
				E57E697FB57725A976B4C423 /* [CP] Check Pods Manifest.lock */,
				845FDD721F28F1D800AAA597 /* Sources */,
				845FDD731F28F1D800AAA597 /* Frameworks */,
				845FDD741F28F1D800AAA597 /* Resources */,
				C84EB5E05CD6946983DCAA80 /* [CP] Embed Pods Frameworks */,
				9A826FCC330E646C670361AA /* [CP] Copy Pods Resources */,
			);
			buildRules = (
			);
			dependencies = (
				845FDD781F28F1D800AAA597 /* PBXTargetDependency */,
			);
			name = ThoughtWordsUITests;
			productName = ThoughtWordsUITests;
			productReference = 845FDD761F28F1D800AAA597 /* ThoughtWordsUITests.xctest */;
			productType = "com.apple.product-type.bundle.ui-testing";
		};
/* End PBXNativeTarget section */

/* Begin PBXProject section */
		845FDD4C1F28F1D700AAA597 /* Project object */ = {
			isa = PBXProject;
			attributes = {
				LastSwiftUpdateCheck = 0830;
				LastUpgradeCheck = 0830;
				ORGANIZATIONNAME = "SangMee Specht";
				TargetAttributes = {
					845FDD531F28F1D700AAA597 = {
						CreatedOnToolsVersion = 8.3.3;
						DevelopmentTeam = XJMMPU957Q;
						ProvisioningStyle = Automatic;
					};
					845FDD6A1F28F1D800AAA597 = {
						CreatedOnToolsVersion = 8.3.3;
						DevelopmentTeam = XJMMPU957Q;
						ProvisioningStyle = Automatic;
						TestTargetID = 845FDD531F28F1D700AAA597;
					};
					845FDD751F28F1D800AAA597 = {
						CreatedOnToolsVersion = 8.3.3;
						DevelopmentTeam = XJMMPU957Q;
						ProvisioningStyle = Automatic;
						TestTargetID = 845FDD531F28F1D700AAA597;
					};
				};
			};
			buildConfigurationList = 845FDD4F1F28F1D700AAA597 /* Build configuration list for PBXProject "ThoughtWords" */;
			compatibilityVersion = "Xcode 3.2";
			developmentRegion = English;
			hasScannedForEncodings = 0;
			knownRegions = (
				en,
				Base,
			);
			mainGroup = 845FDD4B1F28F1D700AAA597;
			productRefGroup = 845FDD551F28F1D700AAA597 /* Products */;
			projectDirPath = "";
			projectRoot = "";
			targets = (
				845FDD531F28F1D700AAA597 /* ThoughtWords */,
				845FDD6A1F28F1D800AAA597 /* ThoughtWordsTests */,
				845FDD751F28F1D800AAA597 /* ThoughtWordsUITests */,
			);
		};
/* End PBXProject section */

/* Begin PBXResourcesBuildPhase section */
		845FDD521F28F1D700AAA597 /* Resources */ = {
			isa = PBXResourcesBuildPhase;
			buildActionMask = 2147483647;
			files = (
				843839A71F31320D00B70EB3 /* GoogleService-Info.plist in Resources */,
				845FDD651F28F1D800AAA597 /* LaunchScreen.storyboard in Resources */,
				84F7D0D31F30F5DA004D9BE4 /* OpenSans-ExtraBoldItalic.ttf in Resources */,
				84F7D0D81F30F5DA004D9BE4 /* OpenSans-SemiBold.ttf in Resources */,
				84F7D0D61F30F5DA004D9BE4 /* OpenSans-LightItalic.ttf in Resources */,
				84F7D0D41F30F5DA004D9BE4 /* OpenSans-Italic.ttf in Resources */,
				84F7D0D01F30F5DA004D9BE4 /* OpenSans-Bold.ttf in Resources */,
				84F7D0D21F30F5DA004D9BE4 /* OpenSans-ExtraBold.ttf in Resources */,
				84F7D0D11F30F5DA004D9BE4 /* OpenSans-BoldItalic.ttf in Resources */,
				84F7D0D91F30F5DA004D9BE4 /* OpenSans-SemiBoldItalic.ttf in Resources */,
				845FDD621F28F1D800AAA597 /* Assets.xcassets in Resources */,
				84F7D0CF1F30F5DA004D9BE4 /* LICENSE.txt in Resources */,
				84F7D0D51F30F5DA004D9BE4 /* OpenSans-Light.ttf in Resources */,
				84F7D0D71F30F5DA004D9BE4 /* OpenSans-Regular.ttf in Resources */,
				8438397C1F311C9500B70EB3 /* GoogleService-Info.plist in Resources */,
				845FDD5D1F28F1D700AAA597 /* Main.storyboard in Resources */,
			);
			runOnlyForDeploymentPostprocessing = 0;
		};
		845FDD691F28F1D800AAA597 /* Resources */ = {
			isa = PBXResourcesBuildPhase;
			buildActionMask = 2147483647;
			files = (
				843839A81F31320D00B70EB3 /* GoogleService-Info.plist in Resources */,
				8438397D1F311C9500B70EB3 /* GoogleService-Info.plist in Resources */,
			);
			runOnlyForDeploymentPostprocessing = 0;
		};
		845FDD741F28F1D800AAA597 /* Resources */ = {
			isa = PBXResourcesBuildPhase;
			buildActionMask = 2147483647;
			files = (
				8438397E1F311C9500B70EB3 /* GoogleService-Info.plist in Resources */,
			);
			runOnlyForDeploymentPostprocessing = 0;
		};
/* End PBXResourcesBuildPhase section */

/* Begin PBXShellScriptBuildPhase section */
		27CFA9B6B96B520ABDB7A83D /* [CP] Check Pods Manifest.lock */ = {
			isa = PBXShellScriptBuildPhase;
			buildActionMask = 2147483647;
			files = (
			);
			inputPaths = (
			);
			name = "[CP] Check Pods Manifest.lock";
			outputPaths = (
			);
			runOnlyForDeploymentPostprocessing = 0;
			shellPath = /bin/sh;
			shellScript = "diff \"${PODS_PODFILE_DIR_PATH}/Podfile.lock\" \"${PODS_ROOT}/Manifest.lock\" > /dev/null\nif [ $? != 0 ] ; then\n    # print error to STDERR\n    echo \"error: The sandbox is not in sync with the Podfile.lock. Run 'pod install' or update your CocoaPods installation.\" >&2\n    exit 1\nfi\n";
			showEnvVarsInLog = 0;
		};
		2F3719DBF019B75E5023690D /* [CP] Embed Pods Frameworks */ = {
			isa = PBXShellScriptBuildPhase;
			buildActionMask = 2147483647;
			files = (
			);
			inputPaths = (
			);
			name = "[CP] Embed Pods Frameworks";
			outputPaths = (
			);
			runOnlyForDeploymentPostprocessing = 0;
			shellPath = /bin/sh;
			shellScript = "\"${SRCROOT}/Pods/Target Support Files/Pods-ThoughtWords/Pods-ThoughtWords-frameworks.sh\"\n";
			showEnvVarsInLog = 0;
		};
		35B0622139EA928676EBF252 /* [CP] Copy Pods Resources */ = {
			isa = PBXShellScriptBuildPhase;
			buildActionMask = 2147483647;
			files = (
			);
			inputPaths = (
			);
			name = "[CP] Copy Pods Resources";
			outputPaths = (
			);
			runOnlyForDeploymentPostprocessing = 0;
			shellPath = /bin/sh;
			shellScript = "\"${SRCROOT}/Pods/Target Support Files/Pods-ThoughtWords/Pods-ThoughtWords-resources.sh\"\n";
			showEnvVarsInLog = 0;
		};
		9A826FCC330E646C670361AA /* [CP] Copy Pods Resources */ = {
			isa = PBXShellScriptBuildPhase;
			buildActionMask = 2147483647;
			files = (
			);
			inputPaths = (
			);
			name = "[CP] Copy Pods Resources";
			outputPaths = (
			);
			runOnlyForDeploymentPostprocessing = 0;
			shellPath = /bin/sh;
			shellScript = "\"${SRCROOT}/Pods/Target Support Files/Pods-ThoughtWordsUITests/Pods-ThoughtWordsUITests-resources.sh\"\n";
			showEnvVarsInLog = 0;
		};
		BD8D83C3425C8EF4FD31FC5B /* [CP] Check Pods Manifest.lock */ = {
			isa = PBXShellScriptBuildPhase;
			buildActionMask = 2147483647;
			files = (
			);
			inputPaths = (
			);
			name = "[CP] Check Pods Manifest.lock";
			outputPaths = (
			);
			runOnlyForDeploymentPostprocessing = 0;
			shellPath = /bin/sh;
			shellScript = "diff \"${PODS_PODFILE_DIR_PATH}/Podfile.lock\" \"${PODS_ROOT}/Manifest.lock\" > /dev/null\nif [ $? != 0 ] ; then\n    # print error to STDERR\n    echo \"error: The sandbox is not in sync with the Podfile.lock. Run 'pod install' or update your CocoaPods installation.\" >&2\n    exit 1\nfi\n";
			showEnvVarsInLog = 0;
		};
		C84EB5E05CD6946983DCAA80 /* [CP] Embed Pods Frameworks */ = {
			isa = PBXShellScriptBuildPhase;
			buildActionMask = 2147483647;
			files = (
			);
			inputPaths = (
			);
			name = "[CP] Embed Pods Frameworks";
			outputPaths = (
			);
			runOnlyForDeploymentPostprocessing = 0;
			shellPath = /bin/sh;
			shellScript = "\"${SRCROOT}/Pods/Target Support Files/Pods-ThoughtWordsUITests/Pods-ThoughtWordsUITests-frameworks.sh\"\n";
			showEnvVarsInLog = 0;
		};
		E57E697FB57725A976B4C423 /* [CP] Check Pods Manifest.lock */ = {
			isa = PBXShellScriptBuildPhase;
			buildActionMask = 2147483647;
			files = (
			);
			inputPaths = (
			);
			name = "[CP] Check Pods Manifest.lock";
			outputPaths = (
			);
			runOnlyForDeploymentPostprocessing = 0;
			shellPath = /bin/sh;
			shellScript = "diff \"${PODS_PODFILE_DIR_PATH}/Podfile.lock\" \"${PODS_ROOT}/Manifest.lock\" > /dev/null\nif [ $? != 0 ] ; then\n    # print error to STDERR\n    echo \"error: The sandbox is not in sync with the Podfile.lock. Run 'pod install' or update your CocoaPods installation.\" >&2\n    exit 1\nfi\n";
			showEnvVarsInLog = 0;
		};
		F118CD5047EA0EB5598D5168 /* [CP] Copy Pods Resources */ = {
			isa = PBXShellScriptBuildPhase;
			buildActionMask = 2147483647;
			files = (
			);
			inputPaths = (
			);
			name = "[CP] Copy Pods Resources";
			outputPaths = (
			);
			runOnlyForDeploymentPostprocessing = 0;
			shellPath = /bin/sh;
			shellScript = "\"${SRCROOT}/Pods/Target Support Files/Pods-ThoughtWordsTests/Pods-ThoughtWordsTests-resources.sh\"\n";
			showEnvVarsInLog = 0;
		};
		FB9F4ABA27EA2C56B624766D /* [CP] Embed Pods Frameworks */ = {
			isa = PBXShellScriptBuildPhase;
			buildActionMask = 2147483647;
			files = (
			);
			inputPaths = (
			);
			name = "[CP] Embed Pods Frameworks";
			outputPaths = (
			);
			runOnlyForDeploymentPostprocessing = 0;
			shellPath = /bin/sh;
			shellScript = "\"${SRCROOT}/Pods/Target Support Files/Pods-ThoughtWordsTests/Pods-ThoughtWordsTests-frameworks.sh\"\n";
			showEnvVarsInLog = 0;
		};
/* End PBXShellScriptBuildPhase section */

/* Begin PBXSourcesBuildPhase section */
		845FDD501F28F1D700AAA597 /* Sources */ = {
			isa = PBXSourcesBuildPhase;
			buildActionMask = 2147483647;
			files = (
				845FDD5A1F28F1D700AAA597 /* ViewController.swift in Sources */,
				845FDD601F28F1D800AAA597 /* ThoughtWords.xcdatamodeld in Sources */,
				845FDD581F28F1D700AAA597 /* AppDelegate.swift in Sources */,
			);
			runOnlyForDeploymentPostprocessing = 0;
		};
		845FDD671F28F1D800AAA597 /* Sources */ = {
			isa = PBXSourcesBuildPhase;
			buildActionMask = 2147483647;
			files = (
				845FDDA11F28FAC900AAA597 /* DummyTest.swift in Sources */,
			);
			runOnlyForDeploymentPostprocessing = 0;
		};
		845FDD721F28F1D800AAA597 /* Sources */ = {
			isa = PBXSourcesBuildPhase;
			buildActionMask = 2147483647;
			files = (
				845FDD7B1F28F1D800AAA597 /* ThoughtWordsUITests.swift in Sources */,
			);
			runOnlyForDeploymentPostprocessing = 0;
		};
/* End PBXSourcesBuildPhase section */

/* Begin PBXTargetDependency section */
		845FDD6D1F28F1D800AAA597 /* PBXTargetDependency */ = {
			isa = PBXTargetDependency;
			target = 845FDD531F28F1D700AAA597 /* ThoughtWords */;
			targetProxy = 845FDD6C1F28F1D800AAA597 /* PBXContainerItemProxy */;
		};
		845FDD781F28F1D800AAA597 /* PBXTargetDependency */ = {
			isa = PBXTargetDependency;
			target = 845FDD531F28F1D700AAA597 /* ThoughtWords */;
			targetProxy = 845FDD771F28F1D800AAA597 /* PBXContainerItemProxy */;
		};
/* End PBXTargetDependency section */

/* Begin PBXVariantGroup section */
		845FDD5B1F28F1D700AAA597 /* Main.storyboard */ = {
			isa = PBXVariantGroup;
			children = (
				845FDD5C1F28F1D700AAA597 /* Base */,
			);
			name = Main.storyboard;
			sourceTree = "<group>";
		};
		845FDD631F28F1D800AAA597 /* LaunchScreen.storyboard */ = {
			isa = PBXVariantGroup;
			children = (
				845FDD641F28F1D800AAA597 /* Base */,
			);
			name = LaunchScreen.storyboard;
			sourceTree = "<group>";
		};
/* End PBXVariantGroup section */

/* Begin XCBuildConfiguration section */
		845FDD7D1F28F1D800AAA597 /* Debug */ = {
			isa = XCBuildConfiguration;
			buildSettings = {
				ALWAYS_SEARCH_USER_PATHS = NO;
				CLANG_ANALYZER_NONNULL = YES;
				CLANG_ANALYZER_NUMBER_OBJECT_CONVERSION = YES_AGGRESSIVE;
				CLANG_CXX_LANGUAGE_STANDARD = "gnu++0x";
				CLANG_CXX_LIBRARY = "libc++";
				CLANG_ENABLE_MODULES = YES;
				CLANG_ENABLE_OBJC_ARC = YES;
				CLANG_WARN_BOOL_CONVERSION = YES;
				CLANG_WARN_CONSTANT_CONVERSION = YES;
				CLANG_WARN_DIRECT_OBJC_ISA_USAGE = YES_ERROR;
				CLANG_WARN_DOCUMENTATION_COMMENTS = YES;
				CLANG_WARN_EMPTY_BODY = YES;
				CLANG_WARN_ENUM_CONVERSION = YES;
				CLANG_WARN_INFINITE_RECURSION = YES;
				CLANG_WARN_INT_CONVERSION = YES;
				CLANG_WARN_OBJC_ROOT_CLASS = YES_ERROR;
				CLANG_WARN_SUSPICIOUS_MOVE = YES;
				CLANG_WARN_UNREACHABLE_CODE = YES;
				CLANG_WARN__DUPLICATE_METHOD_MATCH = YES;
				"CODE_SIGN_IDENTITY[sdk=iphoneos*]" = "iPhone Developer";
				COPY_PHASE_STRIP = NO;
				DEBUG_INFORMATION_FORMAT = dwarf;
				ENABLE_STRICT_OBJC_MSGSEND = YES;
				ENABLE_TESTABILITY = YES;
				GCC_C_LANGUAGE_STANDARD = gnu99;
				GCC_DYNAMIC_NO_PIC = NO;
				GCC_NO_COMMON_BLOCKS = YES;
				GCC_OPTIMIZATION_LEVEL = 0;
				GCC_PREPROCESSOR_DEFINITIONS = (
					"DEBUG=1",
					"$(inherited)",
				);
				GCC_WARN_64_TO_32_BIT_CONVERSION = YES;
				GCC_WARN_ABOUT_RETURN_TYPE = YES_ERROR;
				GCC_WARN_UNDECLARED_SELECTOR = YES;
				GCC_WARN_UNINITIALIZED_AUTOS = YES_AGGRESSIVE;
				GCC_WARN_UNUSED_FUNCTION = YES;
				GCC_WARN_UNUSED_VARIABLE = YES;
				IPHONEOS_DEPLOYMENT_TARGET = 10.3;
				MTL_ENABLE_DEBUG_INFO = YES;
				ONLY_ACTIVE_ARCH = YES;
				SDKROOT = iphoneos;
				SWIFT_ACTIVE_COMPILATION_CONDITIONS = DEBUG;
				SWIFT_OPTIMIZATION_LEVEL = "-Onone";
				api_key = key;
				"api_key[arch=*]" = "";
			};
			name = Debug;
		};
		845FDD7E1F28F1D800AAA597 /* Release */ = {
			isa = XCBuildConfiguration;
			buildSettings = {
				ALWAYS_SEARCH_USER_PATHS = NO;
				CLANG_ANALYZER_NONNULL = YES;
				CLANG_ANALYZER_NUMBER_OBJECT_CONVERSION = YES_AGGRESSIVE;
				CLANG_CXX_LANGUAGE_STANDARD = "gnu++0x";
				CLANG_CXX_LIBRARY = "libc++";
				CLANG_ENABLE_MODULES = YES;
				CLANG_ENABLE_OBJC_ARC = YES;
				CLANG_WARN_BOOL_CONVERSION = YES;
				CLANG_WARN_CONSTANT_CONVERSION = YES;
				CLANG_WARN_DIRECT_OBJC_ISA_USAGE = YES_ERROR;
				CLANG_WARN_DOCUMENTATION_COMMENTS = YES;
				CLANG_WARN_EMPTY_BODY = YES;
				CLANG_WARN_ENUM_CONVERSION = YES;
				CLANG_WARN_INFINITE_RECURSION = YES;
				CLANG_WARN_INT_CONVERSION = YES;
				CLANG_WARN_OBJC_ROOT_CLASS = YES_ERROR;
				CLANG_WARN_SUSPICIOUS_MOVE = YES;
				CLANG_WARN_UNREACHABLE_CODE = YES;
				CLANG_WARN__DUPLICATE_METHOD_MATCH = YES;
				"CODE_SIGN_IDENTITY[sdk=iphoneos*]" = "iPhone Developer";
				COPY_PHASE_STRIP = NO;
				DEBUG_INFORMATION_FORMAT = "dwarf-with-dsym";
				ENABLE_NS_ASSERTIONS = NO;
				ENABLE_STRICT_OBJC_MSGSEND = YES;
				GCC_C_LANGUAGE_STANDARD = gnu99;
				GCC_NO_COMMON_BLOCKS = YES;
				GCC_WARN_64_TO_32_BIT_CONVERSION = YES;
				GCC_WARN_ABOUT_RETURN_TYPE = YES_ERROR;
				GCC_WARN_UNDECLARED_SELECTOR = YES;
				GCC_WARN_UNINITIALIZED_AUTOS = YES_AGGRESSIVE;
				GCC_WARN_UNUSED_FUNCTION = YES;
				GCC_WARN_UNUSED_VARIABLE = YES;
				IPHONEOS_DEPLOYMENT_TARGET = 10.3;
				MTL_ENABLE_DEBUG_INFO = NO;
				SDKROOT = iphoneos;
				SWIFT_OPTIMIZATION_LEVEL = "-Owholemodule";
				VALIDATE_PRODUCT = YES;
				api_key = key;
			};
			name = Release;
		};
		845FDD801F28F1D800AAA597 /* Debug */ = {
			isa = XCBuildConfiguration;
			baseConfigurationReference = B4BABD932EFF15132C5BBA5E /* Pods-ThoughtWords.debug.xcconfig */;
			buildSettings = {
				ASSETCATALOG_COMPILER_APPICON_NAME = AppIcon;
				DEVELOPMENT_TEAM = XJMMPU957Q;
				FRAMEWORK_SEARCH_PATHS = (
					"$(inherited)",
					"$(PROJECT_DIR)/Carthage/Build/iOS",
				);
				INFOPLIST_FILE = ThoughtWords/Info.plist;
				LD_RUNPATH_SEARCH_PATHS = "$(inherited) @executable_path/Frameworks";
				PRODUCT_BUNDLE_IDENTIFIER = com.thoughtworks.acprogram.ThoughtWords;
				PRODUCT_NAME = "$(TARGET_NAME)";
				SWIFT_VERSION = 3.0;
			};
			name = Debug;
		};
		845FDD811F28F1D800AAA597 /* Release */ = {
			isa = XCBuildConfiguration;
			baseConfigurationReference = DCCF49602164AC08BE6AEC2D /* Pods-ThoughtWords.release.xcconfig */;
			buildSettings = {
				ASSETCATALOG_COMPILER_APPICON_NAME = AppIcon;
				DEVELOPMENT_TEAM = XJMMPU957Q;
				FRAMEWORK_SEARCH_PATHS = (
					"$(inherited)",
					"$(PROJECT_DIR)/Carthage/Build/iOS",
				);
				INFOPLIST_FILE = ThoughtWords/Info.plist;
				LD_RUNPATH_SEARCH_PATHS = "$(inherited) @executable_path/Frameworks";
				PRODUCT_BUNDLE_IDENTIFIER = com.thoughtworks.acprogram.ThoughtWords;
				PRODUCT_NAME = "$(TARGET_NAME)";
				SWIFT_VERSION = 3.0;
			};
			name = Release;
		};
		845FDD831F28F1D800AAA597 /* Debug */ = {
			isa = XCBuildConfiguration;
			baseConfigurationReference = 0476C75EA840EE71694DE01F /* Pods-ThoughtWordsTests.debug.xcconfig */;
			buildSettings = {
				ALWAYS_EMBED_SWIFT_STANDARD_LIBRARIES = YES;
				BUNDLE_LOADER = "$(TEST_HOST)";
				DEVELOPMENT_TEAM = XJMMPU957Q;
				FRAMEWORK_SEARCH_PATHS = (
					"$(inherited)",
					"$(PROJECT_DIR)/Carthage/Build/iOS",
				);
				INFOPLIST_FILE = ThoughtWordsTests/Info.plist;
				LD_RUNPATH_SEARCH_PATHS = "$(inherited) @executable_path/Frameworks @loader_path/Frameworks";
				PRODUCT_BUNDLE_IDENTIFIER = com.thoughtworks.acprogram.ThoughtWordsTests;
				PRODUCT_NAME = "$(TARGET_NAME)";
				SWIFT_VERSION = 3.0;
				TEST_HOST = "$(BUILT_PRODUCTS_DIR)/ThoughtWords.app/ThoughtWords";
			};
			name = Debug;
		};
		845FDD841F28F1D800AAA597 /* Release */ = {
			isa = XCBuildConfiguration;
			baseConfigurationReference = F4DDE2BAEFEF654B2117DC7F /* Pods-ThoughtWordsTests.release.xcconfig */;
			buildSettings = {
				ALWAYS_EMBED_SWIFT_STANDARD_LIBRARIES = YES;
				BUNDLE_LOADER = "$(TEST_HOST)";
				DEVELOPMENT_TEAM = XJMMPU957Q;
				FRAMEWORK_SEARCH_PATHS = (
					"$(inherited)",
					"$(PROJECT_DIR)/Carthage/Build/iOS",
				);
				INFOPLIST_FILE = ThoughtWordsTests/Info.plist;
				LD_RUNPATH_SEARCH_PATHS = "$(inherited) @executable_path/Frameworks @loader_path/Frameworks";
				PRODUCT_BUNDLE_IDENTIFIER = com.thoughtworks.acprogram.ThoughtWordsTests;
				PRODUCT_NAME = "$(TARGET_NAME)";
				SWIFT_VERSION = 3.0;
				TEST_HOST = "$(BUILT_PRODUCTS_DIR)/ThoughtWords.app/ThoughtWords";
			};
			name = Release;
		};
		845FDD861F28F1D800AAA597 /* Debug */ = {
			isa = XCBuildConfiguration;
			baseConfigurationReference = 74B5BF2502EAFAB35F21DA37 /* Pods-ThoughtWordsUITests.debug.xcconfig */;
			buildSettings = {
				ALWAYS_EMBED_SWIFT_STANDARD_LIBRARIES = YES;
				DEVELOPMENT_TEAM = XJMMPU957Q;
				INFOPLIST_FILE = ThoughtWordsUITests/Info.plist;
				LD_RUNPATH_SEARCH_PATHS = "$(inherited) @executable_path/Frameworks @loader_path/Frameworks";
				PRODUCT_BUNDLE_IDENTIFIER = com.thoughtworks.acprogram.ThoughtWordsUITests;
				PRODUCT_NAME = "$(TARGET_NAME)";
				SWIFT_VERSION = 3.0;
				TEST_TARGET_NAME = ThoughtWords;
			};
			name = Debug;
		};
		845FDD871F28F1D800AAA597 /* Release */ = {
			isa = XCBuildConfiguration;
			baseConfigurationReference = 08FD147EC2B5E1F594222FA3 /* Pods-ThoughtWordsUITests.release.xcconfig */;
			buildSettings = {
				ALWAYS_EMBED_SWIFT_STANDARD_LIBRARIES = YES;
				DEVELOPMENT_TEAM = XJMMPU957Q;
				INFOPLIST_FILE = ThoughtWordsUITests/Info.plist;
				LD_RUNPATH_SEARCH_PATHS = "$(inherited) @executable_path/Frameworks @loader_path/Frameworks";
				PRODUCT_BUNDLE_IDENTIFIER = com.thoughtworks.acprogram.ThoughtWordsUITests;
				PRODUCT_NAME = "$(TARGET_NAME)";
				SWIFT_VERSION = 3.0;
				TEST_TARGET_NAME = ThoughtWords;
			};
			name = Release;
		};
/* End XCBuildConfiguration section */

/* Begin XCConfigurationList section */
		845FDD4F1F28F1D700AAA597 /* Build configuration list for PBXProject "ThoughtWords" */ = {
			isa = XCConfigurationList;
			buildConfigurations = (
				845FDD7D1F28F1D800AAA597 /* Debug */,
				845FDD7E1F28F1D800AAA597 /* Release */,
			);
			defaultConfigurationIsVisible = 0;
			defaultConfigurationName = Release;
		};
		845FDD7F1F28F1D800AAA597 /* Build configuration list for PBXNativeTarget "ThoughtWords" */ = {
			isa = XCConfigurationList;
			buildConfigurations = (
				845FDD801F28F1D800AAA597 /* Debug */,
				845FDD811F28F1D800AAA597 /* Release */,
			);
			defaultConfigurationIsVisible = 0;
			defaultConfigurationName = Release;
		};
		845FDD821F28F1D800AAA597 /* Build configuration list for PBXNativeTarget "ThoughtWordsTests" */ = {
			isa = XCConfigurationList;
			buildConfigurations = (
				845FDD831F28F1D800AAA597 /* Debug */,
				845FDD841F28F1D800AAA597 /* Release */,
			);
			defaultConfigurationIsVisible = 0;
			defaultConfigurationName = Release;
		};
		845FDD851F28F1D800AAA597 /* Build configuration list for PBXNativeTarget "ThoughtWordsUITests" */ = {
			isa = XCConfigurationList;
			buildConfigurations = (
				845FDD861F28F1D800AAA597 /* Debug */,
				845FDD871F28F1D800AAA597 /* Release */,
			);
			defaultConfigurationIsVisible = 0;
			defaultConfigurationName = Release;
		};
/* End XCConfigurationList section */

/* Begin XCVersionGroup section */
		845FDD5E1F28F1D800AAA597 /* ThoughtWords.xcdatamodeld */ = {
			isa = XCVersionGroup;
			children = (
				845FDD5F1F28F1D800AAA597 /* ThoughtWords.xcdatamodel */,
			);
			currentVersion = 845FDD5F1F28F1D800AAA597 /* ThoughtWords.xcdatamodel */;
			path = ThoughtWords.xcdatamodeld;
			sourceTree = "<group>";
			versionGroupType = wrapper.xcdatamodel;
		};
/* End XCVersionGroup section */
	};
	rootObject = 845FDD4C1F28F1D700AAA597 /* Project object */;
}
